
Microsoft Visual Studio Solution File, Format Version 12.00
# Visual Studio Version 17
VisualStudioVersion = 17.6.33723.286
MinimumVisualStudioVersion = 10.0.40219.1
Project("{2150E333-8FDC-42A3-9474-1A3956D46DE8}") = "Services", "Services", "{51FF2D50-0D30-47A6-9008-15B3CFA48822}"
EndProject
Project("{2150E333-8FDC-42A3-9474-1A3956D46DE8}") = "Catalog", "Catalog", "{09B1B8F1-C578-445F-9CFF-0AD2E12E6737}"
EndProject
Project("{FAE04EC0-301F-11D3-BF4B-00C04F79EFBC}") = "Catalog.API", "Services\Catalog\Catalog.API\Catalog.API.csproj", "{77A0EE1D-FBF6-4BD8-8E36-0DF75D8B4EAE}"
EndProject
Global
	GlobalSection(SolutionConfigurationPlatforms) = preSolution
		Debug|Any CPU = Debug|Any CPU
		Release|Any CPU = Release|Any CPU
	EndGlobalSection
	GlobalSection(ProjectConfigurationPlatforms) = postSolution
		{77A0EE1D-FBF6-4BD8-8E36-0DF75D8B4EAE}.Debug|Any CPU.ActiveCfg = Debug|Any CPU
		{77A0EE1D-FBF6-4BD8-8E36-0DF75D8B4EAE}.Debug|Any CPU.Build.0 = Debug|Any CPU
		{77A0EE1D-FBF6-4BD8-8E36-0DF75D8B4EAE}.Release|Any CPU.ActiveCfg = Release|Any CPU
		{77A0EE1D-FBF6-4BD8-8E36-0DF75D8B4EAE}.Release|Any CPU.Build.0 = Release|Any CPU
	EndGlobalSection
	GlobalSection(SolutionProperties) = preSolution
		HideSolutionNode = FALSE
	EndGlobalSection
	GlobalSection(NestedProjects) = preSolution
		{09B1B8F1-C578-445F-9CFF-0AD2E12E6737} = {51FF2D50-0D30-47A6-9008-15B3CFA48822}
		{77A0EE1D-FBF6-4BD8-8E36-0DF75D8B4EAE} = {09B1B8F1-C578-445F-9CFF-0AD2E12E6737}
	EndGlobalSection
	GlobalSection(ExtensibilityGlobals) = postSolution
		SolutionGuid = {24A1CD0D-324F-4885-B6F4-8EA3E17D3403}
	EndGlobalSection
EndGlobal
